
Microsoft Visual Studio Solution File, Format Version 12.00
# Visual Studio 15
VisualStudioVersion = 15.0.28307.168
MinimumVisualStudioVersion = 10.0.40219.1
Project("{FAE04EC0-301F-11D3-BF4B-00C04F79EFBC}") = "Atestat", "Atestat\Atestat.csproj", "{7BC1E692-940E-4B8C-B814-57F3C0924038}"
EndProject
Global
	GlobalSection(SolutionConfigurationPlatforms) = preSolution
		Debug|Any CPU = Debug|Any CPU
		Release|Any CPU = Release|Any CPU
	EndGlobalSection
	GlobalSection(ProjectConfigurationPlatforms) = postSolution
		{7BC1E692-940E-4B8C-B814-57F3C0924038}.Debug|Any CPU.ActiveCfg = Debug|Any CPU
		{7BC1E692-940E-4B8C-B814-57F3C0924038}.Debug|Any CPU.Build.0 = Debug|Any CPU
		{7BC1E692-940E-4B8C-B814-57F3C0924038}.Release|Any CPU.ActiveCfg = Release|Any CPU
		{7BC1E692-940E-4B8C-B814-57F3C0924038}.Release|Any CPU.Build.0 = Release|Any CPU
	EndGlobalSection
	GlobalSection(SolutionProperties) = preSolution
		HideSolutionNode = FALSE
	EndGlobalSection
	GlobalSection(ExtensibilityGlobals) = postSolution
		SolutionGuid = {E8F1F365-AD4F-44F6-81B6-87ABB8BAE9F6}
	EndGlobalSection
EndGlobal
